
Microsoft Visual Studio Solution File, Format Version 12.00
# Visual Studio Version 17
VisualStudioVersion = 17.4.33213.308
MinimumVisualStudioVersion = 10.0.40219.1
Project("{2150E333-8FDC-42A3-9474-1A3956D46DE8}") = "Core", "Core", "{5A76FE41-C1B4-420C-9274-E275AF48DC14}"
EndProject
Project("{2150E333-8FDC-42A3-9474-1A3956D46DE8}") = "Infrastracture", "Infrastracture", "{330F50FD-21A9-4C56-A547-64081B7EB64B}"
EndProject
Project("{2150E333-8FDC-42A3-9474-1A3956D46DE8}") = "Tests", "Tests", "{FFE2419D-448F-4AEE-8BDC-5E3AECB3A83E}"
EndProject
Project("{2150E333-8FDC-42A3-9474-1A3956D46DE8}") = "Presentation", "Presentation", "{930BC73E-8DBF-414A-9EC3-54AAF4BC947B}"
EndProject
Project("{FAE04EC0-301F-11D3-BF4B-00C04F79EFBC}") = "RentEstate.Domain", "RentEstate.Domain\RentEstate.Domain.csproj", "{93DCDFEC-0D94-46B4-B5CE-D71ECD1AFFC3}"
EndProject
Project("{FAE04EC0-301F-11D3-BF4B-00C04F79EFBC}") = "RentEstate.Application", "RentEstate.Application\RentEstate.Application.csproj", "{5D02C85C-C6EF-47CA-8C0B-DFDDABBC7E5D}"
EndProject
Project("{FAE04EC0-301F-11D3-BF4B-00C04F79EFBC}") = "RentEstate.Persistance", "RentEstate.Persistance\RentEstate.Persistance.csproj", "{ED63ACEB-7309-47C7-BFDA-2DE0B34101CE}"
EndProject
Global
	GlobalSection(SolutionConfigurationPlatforms) = preSolution
		Debug|Any CPU = Debug|Any CPU
		Release|Any CPU = Release|Any CPU
	EndGlobalSection
	GlobalSection(ProjectConfigurationPlatforms) = postSolution
		{93DCDFEC-0D94-46B4-B5CE-D71ECD1AFFC3}.Debug|Any CPU.ActiveCfg = Debug|Any CPU
		{93DCDFEC-0D94-46B4-B5CE-D71ECD1AFFC3}.Debug|Any CPU.Build.0 = Debug|Any CPU
		{93DCDFEC-0D94-46B4-B5CE-D71ECD1AFFC3}.Release|Any CPU.ActiveCfg = Release|Any CPU
		{93DCDFEC-0D94-46B4-B5CE-D71ECD1AFFC3}.Release|Any CPU.Build.0 = Release|Any CPU
		{5D02C85C-C6EF-47CA-8C0B-DFDDABBC7E5D}.Debug|Any CPU.ActiveCfg = Debug|Any CPU
		{5D02C85C-C6EF-47CA-8C0B-DFDDABBC7E5D}.Debug|Any CPU.Build.0 = Debug|Any CPU
		{5D02C85C-C6EF-47CA-8C0B-DFDDABBC7E5D}.Release|Any CPU.ActiveCfg = Release|Any CPU
		{5D02C85C-C6EF-47CA-8C0B-DFDDABBC7E5D}.Release|Any CPU.Build.0 = Release|Any CPU
		{ED63ACEB-7309-47C7-BFDA-2DE0B34101CE}.Debug|Any CPU.ActiveCfg = Debug|Any CPU
		{ED63ACEB-7309-47C7-BFDA-2DE0B34101CE}.Debug|Any CPU.Build.0 = Debug|Any CPU
		{ED63ACEB-7309-47C7-BFDA-2DE0B34101CE}.Release|Any CPU.ActiveCfg = Release|Any CPU
		{ED63ACEB-7309-47C7-BFDA-2DE0B34101CE}.Release|Any CPU.Build.0 = Release|Any CPU
	EndGlobalSection
	GlobalSection(SolutionProperties) = preSolution
		HideSolutionNode = FALSE
	EndGlobalSection
	GlobalSection(NestedProjects) = preSolution
		{93DCDFEC-0D94-46B4-B5CE-D71ECD1AFFC3} = {5A76FE41-C1B4-420C-9274-E275AF48DC14}
		{5D02C85C-C6EF-47CA-8C0B-DFDDABBC7E5D} = {5A76FE41-C1B4-420C-9274-E275AF48DC14}
		{ED63ACEB-7309-47C7-BFDA-2DE0B34101CE} = {330F50FD-21A9-4C56-A547-64081B7EB64B}
	EndGlobalSection
	GlobalSection(ExtensibilityGlobals) = postSolution
		SolutionGuid = {A88DB843-5E49-4341-9A28-6DB9FC30B4DF}
	EndGlobalSection
EndGlobal
