
Microsoft Visual Studio Solution File, Format Version 12.00
# Visual Studio Version 17
VisualStudioVersion = 17.4.33213.308
MinimumVisualStudioVersion = 10.0.40219.1
Project("{FAE04EC0-301F-11D3-BF4B-00C04F79EFBC}") = "RentEstate.Domain", "RentEstate.Domain\RentEstate.Domain.csproj", "{3FC3561B-7E1D-4741-87CC-F40AE7E1696F}"
EndProject
Global
	GlobalSection(SolutionConfigurationPlatforms) = preSolution
		Debug|Any CPU = Debug|Any CPU
		Release|Any CPU = Release|Any CPU
	EndGlobalSection
	GlobalSection(ProjectConfigurationPlatforms) = postSolution
		{3FC3561B-7E1D-4741-87CC-F40AE7E1696F}.Debug|Any CPU.ActiveCfg = Debug|Any CPU
		{3FC3561B-7E1D-4741-87CC-F40AE7E1696F}.Debug|Any CPU.Build.0 = Debug|Any CPU
		{3FC3561B-7E1D-4741-87CC-F40AE7E1696F}.Release|Any CPU.ActiveCfg = Release|Any CPU
		{3FC3561B-7E1D-4741-87CC-F40AE7E1696F}.Release|Any CPU.Build.0 = Release|Any CPU
	EndGlobalSection
	GlobalSection(SolutionProperties) = preSolution
		HideSolutionNode = FALSE
	EndGlobalSection
	GlobalSection(ExtensibilityGlobals) = postSolution
		SolutionGuid = {F7C02C70-80C5-4518-BA18-4B5C9E27F279}
	EndGlobalSection
EndGlobal
